<Solution>
  <Project Path="POS.Api/POS.Api.csproj" />
  <Project Path="POS.Client/POS.Client.csproj" Id="1d3b7394-c340-4be4-af05-9b54c51af458">
    <Deploy Solution="Debug|*" />
  </Project>
  <Project Path="POS.Shared/POS.Shared.csproj" />
  <Project Path="POS.Web/POS.Web.csproj" Id="80f57a98-16d7-4b8d-adc8-406661d7cfec" />
</Solution>
